
Microsoft Visual Studio Solution File, Format Version 12.00
# Visual Studio Version 16
VisualStudioVersion = 16.0.30523.141
MinimumVisualStudioVersion = 10.0.40219.1
Project("{9A19103F-16F7-4668-BE54-9A1E7A4F7556}") = "Bondane_Carmen_Proiect", "Bondane_Carmen_Proiect.csproj", "{B8D68668-9A3C-4A7E-B9A6-E9C13418B0B1}"
EndProject
Project("{FAE04EC0-301F-11D3-BF4B-00C04F79EFBC}") = "HospitalModel", "..\HospitalModel\HospitalModel.csproj", "{64B7F2BB-6868-4B84-8534-A31FD5F46097}"
EndProject
Project("{FAE04EC0-301F-11D3-BF4B-00C04F79EFBC}") = "HospitalWebAPI", "..\HospitalWebAPI\HospitalWebAPI.csproj", "{678A7898-E674-4F3B-B25A-D5361B577271}"
EndProject
Global
	GlobalSection(SolutionConfigurationPlatforms) = preSolution
		Debug|Any CPU = Debug|Any CPU
		Release|Any CPU = Release|Any CPU
	EndGlobalSection
	GlobalSection(ProjectConfigurationPlatforms) = postSolution
		{B8D68668-9A3C-4A7E-B9A6-E9C13418B0B1}.Debug|Any CPU.ActiveCfg = Debug|Any CPU
		{B8D68668-9A3C-4A7E-B9A6-E9C13418B0B1}.Debug|Any CPU.Build.0 = Debug|Any CPU
		{B8D68668-9A3C-4A7E-B9A6-E9C13418B0B1}.Release|Any CPU.ActiveCfg = Release|Any CPU
		{B8D68668-9A3C-4A7E-B9A6-E9C13418B0B1}.Release|Any CPU.Build.0 = Release|Any CPU
		{64B7F2BB-6868-4B84-8534-A31FD5F46097}.Debug|Any CPU.ActiveCfg = Debug|Any CPU
		{64B7F2BB-6868-4B84-8534-A31FD5F46097}.Debug|Any CPU.Build.0 = Debug|Any CPU
		{64B7F2BB-6868-4B84-8534-A31FD5F46097}.Release|Any CPU.ActiveCfg = Release|Any CPU
		{64B7F2BB-6868-4B84-8534-A31FD5F46097}.Release|Any CPU.Build.0 = Release|Any CPU
		{678A7898-E674-4F3B-B25A-D5361B577271}.Debug|Any CPU.ActiveCfg = Debug|Any CPU
		{678A7898-E674-4F3B-B25A-D5361B577271}.Debug|Any CPU.Build.0 = Debug|Any CPU
		{678A7898-E674-4F3B-B25A-D5361B577271}.Release|Any CPU.ActiveCfg = Release|Any CPU
		{678A7898-E674-4F3B-B25A-D5361B577271}.Release|Any CPU.Build.0 = Release|Any CPU
	EndGlobalSection
	GlobalSection(SolutionProperties) = preSolution
		HideSolutionNode = FALSE
	EndGlobalSection
	GlobalSection(ExtensibilityGlobals) = postSolution
		SolutionGuid = {4F105D7E-212A-4482-9867-53C5EB587185}
	EndGlobalSection
EndGlobal
